
Microsoft Visual Studio Solution File, Format Version 12.00
# Visual Studio Version 17
VisualStudioVersion = 17.10.34916.146
MinimumVisualStudioVersion = 10.0.40219.1
Project("{FAE04EC0-301F-11D3-BF4B-00C04F79EFBC}") = "KMWKLauncher_Client", "KMWKLauncher_Client\KMWKLauncher_Client.csproj", "{57648AE8-4DE6-4A6D-B3D0-9592A61C85EB}"
EndProject
Global
	GlobalSection(SolutionConfigurationPlatforms) = preSolution
		Debug|Any CPU = Debug|Any CPU
		Release|Any CPU = Release|Any CPU
	EndGlobalSection
	GlobalSection(ProjectConfigurationPlatforms) = postSolution
		{57648AE8-4DE6-4A6D-B3D0-9592A61C85EB}.Debug|Any CPU.ActiveCfg = Debug|Any CPU
		{57648AE8-4DE6-4A6D-B3D0-9592A61C85EB}.Debug|Any CPU.Build.0 = Debug|Any CPU
		{57648AE8-4DE6-4A6D-B3D0-9592A61C85EB}.Release|Any CPU.ActiveCfg = Release|Any CPU
		{57648AE8-4DE6-4A6D-B3D0-9592A61C85EB}.Release|Any CPU.Build.0 = Release|Any CPU
	EndGlobalSection
	GlobalSection(SolutionProperties) = preSolution
		HideSolutionNode = FALSE
	EndGlobalSection
	GlobalSection(ExtensibilityGlobals) = postSolution
		SolutionGuid = {DF82AFEC-9B8D-4269-8E46-C4F7A8CD26B1}
	EndGlobalSection
EndGlobal
